
Microsoft Visual Studio Solution File, Format Version 12.00
# Visual Studio Version 16
VisualStudioVersion = 16.0.32106.194
MinimumVisualStudioVersion = 10.0.40219.1
Project("{9A19103F-16F7-4668-BE54-9A1E7A4F7556}") = "LibrarySystems", "LibrarySystems\LibrarySystems.csproj", "{1BF682B0-EFE2-4EEE-88FD-A0D3E0D18118}"
EndProject
Project("{9A19103F-16F7-4668-BE54-9A1E7A4F7556}") = "LibrarySystem.Data", "LibrarySystem.Data\LibrarySystem.Data.csproj", "{334CE027-87C0-4509-AD16-94C2E455EA1C}"
EndProject
Project("{9A19103F-16F7-4668-BE54-9A1E7A4F7556}") = "LibrarySystem.Common", "LibrarySystem.Common\LibrarySystem.Common.csproj", "{74AAE293-02C9-4066-8C34-FB74DE92167A}"
EndProject
Project("{9A19103F-16F7-4668-BE54-9A1E7A4F7556}") = "LibrarySystem.Bussines", "LibrarySystem.Bussines\LibrarySystem.Bussines.csproj", "{A24133C0-AA05-43A1-8017-CF08FD97EEF0}"
EndProject
Project("{9A19103F-16F7-4668-BE54-9A1E7A4F7556}") = "LibrarySystem.Models", "LibrarySystem.Models\LibrarySystem.Models.csproj", "{881ED3F5-9D70-4234-B81A-6D467B64A2BC}"
EndProject
Global
	GlobalSection(SolutionConfigurationPlatforms) = preSolution
		Debug|Any CPU = Debug|Any CPU
		Release|Any CPU = Release|Any CPU
	EndGlobalSection
	GlobalSection(ProjectConfigurationPlatforms) = postSolution
		{1BF682B0-EFE2-4EEE-88FD-A0D3E0D18118}.Debug|Any CPU.ActiveCfg = Debug|Any CPU
		{1BF682B0-EFE2-4EEE-88FD-A0D3E0D18118}.Debug|Any CPU.Build.0 = Debug|Any CPU
		{1BF682B0-EFE2-4EEE-88FD-A0D3E0D18118}.Release|Any CPU.ActiveCfg = Release|Any CPU
		{1BF682B0-EFE2-4EEE-88FD-A0D3E0D18118}.Release|Any CPU.Build.0 = Release|Any CPU
		{334CE027-87C0-4509-AD16-94C2E455EA1C}.Debug|Any CPU.ActiveCfg = Debug|Any CPU
		{334CE027-87C0-4509-AD16-94C2E455EA1C}.Debug|Any CPU.Build.0 = Debug|Any CPU
		{334CE027-87C0-4509-AD16-94C2E455EA1C}.Release|Any CPU.ActiveCfg = Release|Any CPU
		{334CE027-87C0-4509-AD16-94C2E455EA1C}.Release|Any CPU.Build.0 = Release|Any CPU
		{74AAE293-02C9-4066-8C34-FB74DE92167A}.Debug|Any CPU.ActiveCfg = Debug|Any CPU
		{74AAE293-02C9-4066-8C34-FB74DE92167A}.Debug|Any CPU.Build.0 = Debug|Any CPU
		{74AAE293-02C9-4066-8C34-FB74DE92167A}.Release|Any CPU.ActiveCfg = Release|Any CPU
		{74AAE293-02C9-4066-8C34-FB74DE92167A}.Release|Any CPU.Build.0 = Release|Any CPU
		{A24133C0-AA05-43A1-8017-CF08FD97EEF0}.Debug|Any CPU.ActiveCfg = Debug|Any CPU
		{A24133C0-AA05-43A1-8017-CF08FD97EEF0}.Debug|Any CPU.Build.0 = Debug|Any CPU
		{A24133C0-AA05-43A1-8017-CF08FD97EEF0}.Release|Any CPU.ActiveCfg = Release|Any CPU
		{A24133C0-AA05-43A1-8017-CF08FD97EEF0}.Release|Any CPU.Build.0 = Release|Any CPU
		{881ED3F5-9D70-4234-B81A-6D467B64A2BC}.Debug|Any CPU.ActiveCfg = Debug|Any CPU
		{881ED3F5-9D70-4234-B81A-6D467B64A2BC}.Debug|Any CPU.Build.0 = Debug|Any CPU
		{881ED3F5-9D70-4234-B81A-6D467B64A2BC}.Release|Any CPU.ActiveCfg = Release|Any CPU
		{881ED3F5-9D70-4234-B81A-6D467B64A2BC}.Release|Any CPU.Build.0 = Release|Any CPU
	EndGlobalSection
	GlobalSection(SolutionProperties) = preSolution
		HideSolutionNode = FALSE
	EndGlobalSection
	GlobalSection(ExtensibilityGlobals) = postSolution
		SolutionGuid = {EC7ECD57-7ED1-4E14-AC5E-CC0567B97FC1}
	EndGlobalSection
EndGlobal
